
Microsoft Visual Studio Solution File, Format Version 12.00
Project("{FAE04EC0-301F-11D3-BF4B-00C04F79EFBC}") = "CoffeeMachineKataTests", "CoffeeMachineKataTests\CoffeeMachineKataTests.csproj", "{DFC562CA-7F58-47EC-925F-A2C18D98FA69}"
EndProject
Project("{FAE04EC0-301F-11D3-BF4B-00C04F79EFBC}") = "CoffeeMachineApp", "CoffeeMachineApp\CoffeeMachineApp.csproj", "{8EC323BF-810A-4446-BBAC-E19BE5DA1BDF}"
EndProject
Global
	GlobalSection(SolutionConfigurationPlatforms) = preSolution
		Debug|Any CPU = Debug|Any CPU
		Release|Any CPU = Release|Any CPU
	EndGlobalSection
	GlobalSection(ProjectConfigurationPlatforms) = postSolution
		{DFC562CA-7F58-47EC-925F-A2C18D98FA69}.Debug|Any CPU.ActiveCfg = Debug|Any CPU
		{DFC562CA-7F58-47EC-925F-A2C18D98FA69}.Debug|Any CPU.Build.0 = Debug|Any CPU
		{DFC562CA-7F58-47EC-925F-A2C18D98FA69}.Release|Any CPU.ActiveCfg = Release|Any CPU
		{DFC562CA-7F58-47EC-925F-A2C18D98FA69}.Release|Any CPU.Build.0 = Release|Any CPU
		{8EC323BF-810A-4446-BBAC-E19BE5DA1BDF}.Debug|Any CPU.ActiveCfg = Debug|Any CPU
		{8EC323BF-810A-4446-BBAC-E19BE5DA1BDF}.Debug|Any CPU.Build.0 = Debug|Any CPU
		{8EC323BF-810A-4446-BBAC-E19BE5DA1BDF}.Release|Any CPU.ActiveCfg = Release|Any CPU
		{8EC323BF-810A-4446-BBAC-E19BE5DA1BDF}.Release|Any CPU.Build.0 = Release|Any CPU
	EndGlobalSection
EndGlobal
